
Microsoft Visual Studio Solution File, Format Version 12.00
# Visual Studio Version 16
VisualStudioVersion = 16.0.30523.141
MinimumVisualStudioVersion = 10.0.40219.1
Project("{FAE04EC0-301F-11D3-BF4B-00C04F79EFBC}") = "Practica2", "Practica2.csproj", "{257D7151-ABDC-4A8A-AA53-6AF33A63F0CF}"
EndProject
Project("{FAE04EC0-301F-11D3-BF4B-00C04F79EFBC}") = "Practica3", "..\Practica3\Practica3.csproj", "{D28E42C5-DC8B-4AE3-9C56-66F861FE20EC}"
EndProject
Global
	GlobalSection(SolutionConfigurationPlatforms) = preSolution
		Debug|Any CPU = Debug|Any CPU
		Release|Any CPU = Release|Any CPU
	EndGlobalSection
	GlobalSection(ProjectConfigurationPlatforms) = postSolution
		{257D7151-ABDC-4A8A-AA53-6AF33A63F0CF}.Debug|Any CPU.ActiveCfg = Debug|Any CPU
		{257D7151-ABDC-4A8A-AA53-6AF33A63F0CF}.Debug|Any CPU.Build.0 = Debug|Any CPU
		{257D7151-ABDC-4A8A-AA53-6AF33A63F0CF}.Release|Any CPU.ActiveCfg = Release|Any CPU
		{257D7151-ABDC-4A8A-AA53-6AF33A63F0CF}.Release|Any CPU.Build.0 = Release|Any CPU
		{D28E42C5-DC8B-4AE3-9C56-66F861FE20EC}.Debug|Any CPU.ActiveCfg = Debug|Any CPU
		{D28E42C5-DC8B-4AE3-9C56-66F861FE20EC}.Debug|Any CPU.Build.0 = Debug|Any CPU
		{D28E42C5-DC8B-4AE3-9C56-66F861FE20EC}.Release|Any CPU.ActiveCfg = Release|Any CPU
		{D28E42C5-DC8B-4AE3-9C56-66F861FE20EC}.Release|Any CPU.Build.0 = Release|Any CPU
	EndGlobalSection
	GlobalSection(SolutionProperties) = preSolution
		HideSolutionNode = FALSE
	EndGlobalSection
	GlobalSection(ExtensibilityGlobals) = postSolution
		SolutionGuid = {E7572DE7-E63A-4949-A431-54BBFDD41A12}
	EndGlobalSection
EndGlobal
